{
  "name": "coopsuk",
  "version": "0.1.0",
  "lockfileVersion": 1,
  "requires": true,
  "dependencies": {
    "requirejs": {
      "version": "2.3.6",
      "resolved": "https://registry.npmjs.org/requirejs/-/requirejs-2.3.6.tgz",
      "integrity": "sha512-ipEzlWQe6RK3jkzikgCupiTbTvm4S0/CAU5GlgptkN5SO6F3u0UD0K18wy6ErDqiCyP4J4YYe1HuAShvsxePLg=="
    },
    "sea-map": {
      "version": "github:SolidarityEconomyAssociation/sea-map#9bcf7d0d4c39c3e2194f0603e0ba9971d4871c63",
      "from": "github:SolidarityEconomyAssociation/sea-map#semver:^0.1.50",
      "requires": {
        "requirejs": "^2.3.6"
      }
    }
  }
}
